
Microsoft Visual Studio Solution File, Format Version 12.00
# Visual Studio Version 16
VisualStudioVersion = 16.0.30717.126
MinimumVisualStudioVersion = 10.0.40219.1
Project("{FAE04EC0-301F-11D3-BF4B-00C04F79EFBC}") = "Students", "Students.csproj", "{212CA0CB-BB92-4D9B-85B4-A767E37E68BC}"
EndProject
Global
	GlobalSection(SolutionConfigurationPlatforms) = preSolution
		Debug|Any CPU = Debug|Any CPU
		Release|Any CPU = Release|Any CPU
	EndGlobalSection
	GlobalSection(ProjectConfigurationPlatforms) = postSolution
		{212CA0CB-BB92-4D9B-85B4-A767E37E68BC}.Debug|Any CPU.ActiveCfg = Debug|Any CPU
		{212CA0CB-BB92-4D9B-85B4-A767E37E68BC}.Debug|Any CPU.Build.0 = Debug|Any CPU
		{212CA0CB-BB92-4D9B-85B4-A767E37E68BC}.Release|Any CPU.ActiveCfg = Release|Any CPU
		{212CA0CB-BB92-4D9B-85B4-A767E37E68BC}.Release|Any CPU.Build.0 = Release|Any CPU
	EndGlobalSection
	GlobalSection(SolutionProperties) = preSolution
		HideSolutionNode = FALSE
	EndGlobalSection
	GlobalSection(ExtensibilityGlobals) = postSolution
		SolutionGuid = {88D7FE57-2F34-46DB-B160-65E44E5BE677}
	EndGlobalSection
EndGlobal
